
Microsoft Visual Studio Solution File, Format Version 12.00
# Visual Studio Version 16
VisualStudioVersion = 16.0.29215.179
MinimumVisualStudioVersion = 10.0.40219.1
Project("{FAE04EC0-301F-11D3-BF4B-00C04F79EFBC}") = "GeometricShapesConsole", "GeometricShapesConsole\GeometricShapesConsole.csproj", "{773C5785-76F3-4764-AF57-8F4E5E1FD985}"
EndProject
Project("{FAE04EC0-301F-11D3-BF4B-00C04F79EFBC}") = "GeometricShapesLibrary", "GeometricShapesLibrary\GeometricShapesLibrary.csproj", "{1A139458-33DE-4C14-B90F-342440F85398}"
EndProject
Global
	GlobalSection(SolutionConfigurationPlatforms) = preSolution
		Debug|Any CPU = Debug|Any CPU
		Release|Any CPU = Release|Any CPU
	EndGlobalSection
	GlobalSection(ProjectConfigurationPlatforms) = postSolution
		{773C5785-76F3-4764-AF57-8F4E5E1FD985}.Debug|Any CPU.ActiveCfg = Debug|Any CPU
		{773C5785-76F3-4764-AF57-8F4E5E1FD985}.Debug|Any CPU.Build.0 = Debug|Any CPU
		{773C5785-76F3-4764-AF57-8F4E5E1FD985}.Release|Any CPU.ActiveCfg = Release|Any CPU
		{773C5785-76F3-4764-AF57-8F4E5E1FD985}.Release|Any CPU.Build.0 = Release|Any CPU
		{1A139458-33DE-4C14-B90F-342440F85398}.Debug|Any CPU.ActiveCfg = Debug|Any CPU
		{1A139458-33DE-4C14-B90F-342440F85398}.Debug|Any CPU.Build.0 = Debug|Any CPU
		{1A139458-33DE-4C14-B90F-342440F85398}.Release|Any CPU.ActiveCfg = Release|Any CPU
		{1A139458-33DE-4C14-B90F-342440F85398}.Release|Any CPU.Build.0 = Release|Any CPU
	EndGlobalSection
	GlobalSection(SolutionProperties) = preSolution
		HideSolutionNode = FALSE
	EndGlobalSection
	GlobalSection(ExtensibilityGlobals) = postSolution
		SolutionGuid = {A93F6175-94D3-4CD2-B205-7D0EBC879A8F}
	EndGlobalSection
EndGlobal
